// !$*UTF8*$!
{
	archiveVersion = 1;
	classes = {
	};
	objectVersion = 46;
	objects = {

/* Begin PBXBuildFile section */
		04326B1F1E2482B1005A2462 /* PlaySoundsViewController+Audio.swift in Sources */ = {isa = PBXBuildFile; fileRef = 04326B1E1E2482B1005A2462 /* PlaySoundsViewController+Audio.swift */; };
		04326B921E263E2E005A2462 /* NaverSpeech.framework in Frameworks */ = {isa = PBXBuildFile; fileRef = 04326B911E263E2E005A2462 /* NaverSpeech.framework */; };
		045C7FF51E27931D008E0224 /* NaverSpeech.framework in Embed Frameworks */ = {isa = PBXBuildFile; fileRef = 04326B911E263E2E005A2462 /* NaverSpeech.framework */; settings = {ATTRIBUTES = (CodeSignOnCopy, RemoveHeadersOnCopy, ); }; };
		047E7E911E127EC6004639B1 /* AppDelegate.swift in Sources */ = {isa = PBXBuildFile; fileRef = 047E7E901E127EC6004639B1 /* AppDelegate.swift */; };
		047E7E931E127EC6004639B1 /* RecordSoundsViewController.swift in Sources */ = {isa = PBXBuildFile; fileRef = 047E7E921E127EC6004639B1 /* RecordSoundsViewController.swift */; };
		047E7E961E127EC6004639B1 /* Main.storyboard in Resources */ = {isa = PBXBuildFile; fileRef = 047E7E941E127EC6004639B1 /* Main.storyboard */; };
		047E7E981E127EC6004639B1 /* Assets.xcassets in Resources */ = {isa = PBXBuildFile; fileRef = 047E7E971E127EC6004639B1 /* Assets.xcassets */; };
		047E7E9B1E127EC6004639B1 /* LaunchScreen.storyboard in Resources */ = {isa = PBXBuildFile; fileRef = 047E7E991E127EC6004639B1 /* LaunchScreen.storyboard */; };
		0493FA141E23B3C300605903 /* PlaySoundsViewController.swift in Sources */ = {isa = PBXBuildFile; fileRef = 0493FA131E23B3C300605903 /* PlaySoundsViewController.swift */; };
/* End PBXBuildFile section */

/* Begin PBXCopyFilesBuildPhase section */
		045C7FF61E27931D008E0224 /* Embed Frameworks */ = {
			isa = PBXCopyFilesBuildPhase;
			buildActionMask = 2147483647;
			dstPath = "";
			dstSubfolderSpec = 10;
			files = (
				045C7FF51E27931D008E0224 /* NaverSpeech.framework in Embed Frameworks */,
			);
			name = "Embed Frameworks";
			runOnlyForDeploymentPostprocessing = 0;
		};
/* End PBXCopyFilesBuildPhase section */

/* Begin PBXFileReference section */
		04326B1E1E2482B1005A2462 /* PlaySoundsViewController+Audio.swift */ = {isa = PBXFileReference; fileEncoding = 4; lastKnownFileType = sourcecode.swift; path = "PlaySoundsViewController+Audio.swift"; sourceTree = "<group>"; };
		04326B911E263E2E005A2462 /* NaverSpeech.framework */ = {isa = PBXFileReference; lastKnownFileType = wrapper.framework; name = NaverSpeech.framework; path = /Users/mac/workspace/PitchPerfect/NaverSpeech.framework; sourceTree = "<absolute>"; };
		045C7FF11E278FE8008E0224 /* Common.h */ = {isa = PBXFileReference; lastKnownFileType = sourcecode.c.h; path = Common.h; sourceTree = "<group>"; };
		045C7FF21E278FE8008E0224 /* Info.plist */ = {isa = PBXFileReference; lastKnownFileType = text.plist.xml; path = Info.plist; sourceTree = "<group>"; };
		045C7FF31E278FE8008E0224 /* Languages.swift */ = {isa = PBXFileReference; lastKnownFileType = sourcecode.swift; path = Languages.swift; sourceTree = "<group>"; };
		047E7E8D1E127EC6004639B1 /* PitchPerfect.app */ = {isa = PBXFileReference; explicitFileType = wrapper.application; includeInIndex = 0; path = PitchPerfect.app; sourceTree = BUILT_PRODUCTS_DIR; };
		047E7E901E127EC6004639B1 /* AppDelegate.swift */ = {isa = PBXFileReference; lastKnownFileType = sourcecode.swift; path = AppDelegate.swift; sourceTree = "<group>"; };
		047E7E921E127EC6004639B1 /* RecordSoundsViewController.swift */ = {isa = PBXFileReference; lastKnownFileType = sourcecode.swift; path = RecordSoundsViewController.swift; sourceTree = "<group>"; };
		047E7E951E127EC6004639B1 /* Base */ = {isa = PBXFileReference; lastKnownFileType = file.storyboard; name = Base; path = Base.lproj/Main.storyboard; sourceTree = "<group>"; };
		047E7E971E127EC6004639B1 /* Assets.xcassets */ = {isa = PBXFileReference; lastKnownFileType = folder.assetcatalog; path = Assets.xcassets; sourceTree = "<group>"; };
		047E7E9A1E127EC6004639B1 /* Base */ = {isa = PBXFileReference; lastKnownFileType = file.storyboard; name = Base; path = Base.lproj/LaunchScreen.storyboard; sourceTree = "<group>"; };
		047E7E9C1E127EC6004639B1 /* Info.plist */ = {isa = PBXFileReference; lastKnownFileType = text.plist.xml; path = Info.plist; sourceTree = "<group>"; };
		0493FA131E23B3C300605903 /* PlaySoundsViewController.swift */ = {isa = PBXFileReference; fileEncoding = 4; lastKnownFileType = sourcecode.swift; path = PlaySoundsViewController.swift; sourceTree = "<group>"; };
/* End PBXFileReference section */

/* Begin PBXFrameworksBuildPhase section */
		047E7E8A1E127EC6004639B1 /* Frameworks */ = {
			isa = PBXFrameworksBuildPhase;
			buildActionMask = 2147483647;
			files = (
				04326B921E263E2E005A2462 /* NaverSpeech.framework in Frameworks */,
			);
			runOnlyForDeploymentPostprocessing = 0;
		};
/* End PBXFrameworksBuildPhase section */

/* Begin PBXGroup section */
		045C7FEF1E278FE8008E0224 /* Frameworks */ = {
			isa = PBXGroup;
			children = (
				045C7FF01E278FE8008E0224 /* Common */,
			);
			name = Frameworks;
			sourceTree = "<group>";
		};
		045C7FF01E278FE8008E0224 /* Common */ = {
			isa = PBXGroup;
			children = (
				045C7FF11E278FE8008E0224 /* Common.h */,
				045C7FF21E278FE8008E0224 /* Info.plist */,
				045C7FF31E278FE8008E0224 /* Languages.swift */,
			);
			name = Common;
			path = "../../Downloads/naverspeech-sdk-ios-master/naverspeech-sdk-ios-master/Common";
			sourceTree = "<group>";
		};
		047E7E841E127EC6004639B1 = {
			isa = PBXGroup;
			children = (
				04326B911E263E2E005A2462 /* NaverSpeech.framework */,
				047E7E8F1E127EC6004639B1 /* PitchPerfect */,
				047E7E8E1E127EC6004639B1 /* Products */,
				045C7FEF1E278FE8008E0224 /* Frameworks */,
			);
			sourceTree = "<group>";
		};
		047E7E8E1E127EC6004639B1 /* Products */ = {
			isa = PBXGroup;
			children = (
				047E7E8D1E127EC6004639B1 /* PitchPerfect.app */,
			);
			name = Products;
			sourceTree = "<group>";
		};
		047E7E8F1E127EC6004639B1 /* PitchPerfect */ = {
			isa = PBXGroup;
			children = (
				047E7E901E127EC6004639B1 /* AppDelegate.swift */,
				047E7E921E127EC6004639B1 /* RecordSoundsViewController.swift */,
				047E7E941E127EC6004639B1 /* Main.storyboard */,
				047E7E971E127EC6004639B1 /* Assets.xcassets */,
				047E7E991E127EC6004639B1 /* LaunchScreen.storyboard */,
				047E7E9C1E127EC6004639B1 /* Info.plist */,
				0493FA131E23B3C300605903 /* PlaySoundsViewController.swift */,
				04326B1E1E2482B1005A2462 /* PlaySoundsViewController+Audio.swift */,
			);
			path = PitchPerfect;
			sourceTree = "<group>";
		};
/* End PBXGroup section */

/* Begin PBXNativeTarget section */
		047E7E8C1E127EC6004639B1 /* PitchPerfect */ = {
			isa = PBXNativeTarget;
			buildConfigurationList = 047E7E9F1E127EC6004639B1 /* Build configuration list for PBXNativeTarget "PitchPerfect" */;
			buildPhases = (
				047E7E891E127EC6004639B1 /* Sources */,
				047E7E8A1E127EC6004639B1 /* Frameworks */,
				047E7E8B1E127EC6004639B1 /* Resources */,
				045C7FF61E27931D008E0224 /* Embed Frameworks */,
			);
			buildRules = (
			);
			dependencies = (
			);
			name = PitchPerfect;
			productName = PitchPerfect;
			productReference = 047E7E8D1E127EC6004639B1 /* PitchPerfect.app */;
			productType = "com.apple.product-type.application";
		};
/* End PBXNativeTarget section */

/* Begin PBXProject section */
		047E7E851E127EC6004639B1 /* Project object */ = {
			isa = PBXProject;
			attributes = {
				LastSwiftUpdateCheck = 0820;
				LastUpgradeCheck = 0820;
				ORGANIZATIONNAME = song;
				TargetAttributes = {
					047E7E8C1E127EC6004639B1 = {
						CreatedOnToolsVersion = 8.2.1;
						ProvisioningStyle = Automatic;
					};
				};
			};
			buildConfigurationList = 047E7E881E127EC6004639B1 /* Build configuration list for PBXProject "PitchPerfect" */;
			compatibilityVersion = "Xcode 3.2";
			developmentRegion = English;
			hasScannedForEncodings = 0;
			knownRegions = (
				en,
				Base,
			);
			mainGroup = 047E7E841E127EC6004639B1;
			productRefGroup = 047E7E8E1E127EC6004639B1 /* Products */;
			projectDirPath = "";
			projectRoot = "";
			targets = (
				047E7E8C1E127EC6004639B1 /* PitchPerfect */,
			);
		};
/* End PBXProject section */

/* Begin PBXResourcesBuildPhase section */
		047E7E8B1E127EC6004639B1 /* Resources */ = {
			isa = PBXResourcesBuildPhase;
			buildActionMask = 2147483647;
			files = (
				047E7E9B1E127EC6004639B1 /* LaunchScreen.storyboard in Resources */,
				047E7E981E127EC6004639B1 /* Assets.xcassets in Resources */,
				047E7E961E127EC6004639B1 /* Main.storyboard in Resources */,
			);
			runOnlyForDeploymentPostprocessing = 0;
		};
/* End PBXResourcesBuildPhase section */

/* Begin PBXSourcesBuildPhase section */
		047E7E891E127EC6004639B1 /* Sources */ = {
			isa = PBXSourcesBuildPhase;
			buildActionMask = 2147483647;
			files = (
				047E7E931E127EC6004639B1 /* RecordSoundsViewController.swift in Sources */,
				04326B1F1E2482B1005A2462 /* PlaySoundsViewController+Audio.swift in Sources */,
				0493FA141E23B3C300605903 /* PlaySoundsViewController.swift in Sources */,
				047E7E911E127EC6004639B1 /* AppDelegate.swift in Sources */,
			);
			runOnlyForDeploymentPostprocessing = 0;
		};
/* End PBXSourcesBuildPhase section */

/* Begin PBXVariantGroup section */
		047E7E941E127EC6004639B1 /* Main.storyboard */ = {
			isa = PBXVariantGroup;
			children = (
				047E7E951E127EC6004639B1 /* Base */,
			);
			name = Main.storyboard;
			sourceTree = "<group>";
		};
		047E7E991E127EC6004639B1 /* LaunchScreen.storyboard */ = {
			isa = PBXVariantGroup;
			children = (
				047E7E9A1E127EC6004639B1 /* Base */,
			);
			name = LaunchScreen.storyboard;
			sourceTree = "<group>";
		};
/* End PBXVariantGroup section */

/* Begin XCBuildConfiguration section */
		047E7E9D1E127EC6004639B1 /* Debug */ = {
			isa = XCBuildConfiguration;
			buildSettings = {
				ALWAYS_SEARCH_USER_PATHS = NO;
				CLANG_ANALYZER_NONNULL = YES;
				CLANG_CXX_LANGUAGE_STANDARD = "gnu++0x";
				CLANG_CXX_LIBRARY = "libc++";
				CLANG_ENABLE_MODULES = YES;
				CLANG_ENABLE_OBJC_ARC = YES;
				CLANG_WARN_BOOL_CONVERSION = YES;
				CLANG_WARN_CONSTANT_CONVERSION = YES;
				CLANG_WARN_DIRECT_OBJC_ISA_USAGE = YES_ERROR;
				CLANG_WARN_DOCUMENTATION_COMMENTS = YES;
				CLANG_WARN_EMPTY_BODY = YES;
				CLANG_WARN_ENUM_CONVERSION = YES;
				CLANG_WARN_INFINITE_RECURSION = YES;
				CLANG_WARN_INT_CONVERSION = YES;
				CLANG_WARN_OBJC_ROOT_CLASS = YES_ERROR;
				CLANG_WARN_SUSPICIOUS_MOVE = YES;
				CLANG_WARN_UNREACHABLE_CODE = YES;
				CLANG_WARN__DUPLICATE_METHOD_MATCH = YES;
				"CODE_SIGN_IDENTITY[sdk=iphoneos*]" = "iPhone Developer";
				COPY_PHASE_STRIP = NO;
				DEBUG_INFORMATION_FORMAT = dwarf;
				ENABLE_STRICT_OBJC_MSGSEND = YES;
				ENABLE_TESTABILITY = YES;
				GCC_C_LANGUAGE_STANDARD = gnu99;
				GCC_DYNAMIC_NO_PIC = NO;
				GCC_NO_COMMON_BLOCKS = YES;
				GCC_OPTIMIZATION_LEVEL = 0;
				GCC_PREPROCESSOR_DEFINITIONS = (
					"DEBUG=1",
					"$(inherited)",
				);
				GCC_WARN_64_TO_32_BIT_CONVERSION = YES;
				GCC_WARN_ABOUT_RETURN_TYPE = YES_ERROR;
				GCC_WARN_UNDECLARED_SELECTOR = YES;
				GCC_WARN_UNINITIALIZED_AUTOS = YES_AGGRESSIVE;
				GCC_WARN_UNUSED_FUNCTION = YES;
				GCC_WARN_UNUSED_VARIABLE = YES;
				IPHONEOS_DEPLOYMENT_TARGET = 10.2;
				MTL_ENABLE_DEBUG_INFO = YES;
				ONLY_ACTIVE_ARCH = YES;
				SDKROOT = iphoneos;
				SWIFT_ACTIVE_COMPILATION_CONDITIONS = DEBUG;
				SWIFT_OPTIMIZATION_LEVEL = "-Onone";
				TARGETED_DEVICE_FAMILY = "1,2";
			};
			name = Debug;
		};
		047E7E9E1E127EC6004639B1 /* Release */ = {
			isa = XCBuildConfiguration;
			buildSettings = {
				ALWAYS_SEARCH_USER_PATHS = NO;
				CLANG_ANALYZER_NONNULL = YES;
				CLANG_CXX_LANGUAGE_STANDARD = "gnu++0x";
				CLANG_CXX_LIBRARY = "libc++";
				CLANG_ENABLE_MODULES = YES;
				CLANG_ENABLE_OBJC_ARC = YES;
				CLANG_WARN_BOOL_CONVERSION = YES;
				CLANG_WARN_CONSTANT_CONVERSION = YES;
				CLANG_WARN_DIRECT_OBJC_ISA_USAGE = YES_ERROR;
				CLANG_WARN_DOCUMENTATION_COMMENTS = YES;
				CLANG_WARN_EMPTY_BODY = YES;
				CLANG_WARN_ENUM_CONVERSION = YES;
				CLANG_WARN_INFINITE_RECURSION = YES;
				CLANG_WARN_INT_CONVERSION = YES;
				CLANG_WARN_OBJC_ROOT_CLASS = YES_ERROR;
				CLANG_WARN_SUSPICIOUS_MOVE = YES;
				CLANG_WARN_UNREACHABLE_CODE = YES;
				CLANG_WARN__DUPLICATE_METHOD_MATCH = YES;
				"CODE_SIGN_IDENTITY[sdk=iphoneos*]" = "iPhone Developer";
				COPY_PHASE_STRIP = NO;
				DEBUG_INFORMATION_FORMAT = "dwarf-with-dsym";
				ENABLE_NS_ASSERTIONS = NO;
				ENABLE_STRICT_OBJC_MSGSEND = YES;
				GCC_C_LANGUAGE_STANDARD = gnu99;
				GCC_NO_COMMON_BLOCKS = YES;
				GCC_WARN_64_TO_32_BIT_CONVERSION = YES;
				GCC_WARN_ABOUT_RETURN_TYPE = YES_ERROR;
				GCC_WARN_UNDECLARED_SELECTOR = YES;
				GCC_WARN_UNINITIALIZED_AUTOS = YES_AGGRESSIVE;
				GCC_WARN_UNUSED_FUNCTION = YES;
				GCC_WARN_UNUSED_VARIABLE = YES;
				IPHONEOS_DEPLOYMENT_TARGET = 10.2;
				MTL_ENABLE_DEBUG_INFO = NO;
				SDKROOT = iphoneos;
				SWIFT_OPTIMIZATION_LEVEL = "-Owholemodule";
				TARGETED_DEVICE_FAMILY = "1,2";
				VALIDATE_PRODUCT = YES;
			};
			name = Release;
		};
		047E7EA01E127EC6004639B1 /* Debug */ = {
			isa = XCBuildConfiguration;
			buildSettings = {
				ASSETCATALOG_COMPILER_APPICON_NAME = AppIcon;
				ENABLE_BITCODE = NO;
				FRAMEWORK_SEARCH_PATHS = (
					"$(inherited)",
					"$(PROJECT_DIR)/naverspeech-sdk-ios-master/framework",
					"$(PROJECT_DIR)",
				);
				INFOPLIST_FILE = PitchPerfect/Info.plist;
				LD_RUNPATH_SEARCH_PATHS = "$(inherited) @executable_path/Frameworks";
				PRODUCT_BUNDLE_IDENTIFIER = com.song.PitchPerfect;
				PRODUCT_NAME = "$(TARGET_NAME)";
				SWIFT_VERSION = 3.0;
			};
			name = Debug;
		};
		047E7EA11E127EC6004639B1 /* Release */ = {
			isa = XCBuildConfiguration;
			buildSettings = {
				ASSETCATALOG_COMPILER_APPICON_NAME = AppIcon;
				ENABLE_BITCODE = NO;
				FRAMEWORK_SEARCH_PATHS = (
					"$(inherited)",
					"$(PROJECT_DIR)/naverspeech-sdk-ios-master/framework",
					"$(PROJECT_DIR)",
				);
				INFOPLIST_FILE = PitchPerfect/Info.plist;
				LD_RUNPATH_SEARCH_PATHS = "$(inherited) @executable_path/Frameworks";
				PRODUCT_BUNDLE_IDENTIFIER = com.song.PitchPerfect;
				PRODUCT_NAME = "$(TARGET_NAME)";
				SWIFT_VERSION = 3.0;
			};
			name = Release;
		};
/* End XCBuildConfiguration section */

/* Begin XCConfigurationList section */
		047E7E881E127EC6004639B1 /* Build configuration list for PBXProject "PitchPerfect" */ = {
			isa = XCConfigurationList;
			buildConfigurations = (
				047E7E9D1E127EC6004639B1 /* Debug */,
				047E7E9E1E127EC6004639B1 /* Release */,
			);
			defaultConfigurationIsVisible = 0;
			defaultConfigurationName = Release;
		};
		047E7E9F1E127EC6004639B1 /* Build configuration list for PBXNativeTarget "PitchPerfect" */ = {
			isa = XCConfigurationList;
			buildConfigurations = (
				047E7EA01E127EC6004639B1 /* Debug */,
				047E7EA11E127EC6004639B1 /* Release */,
			);
			defaultConfigurationIsVisible = 0;
			defaultConfigurationName = Release;
		};
/* End XCConfigurationList section */
	};
	rootObject = 047E7E851E127EC6004639B1 /* Project object */;
}
